// !$*UTF8*$!
{
	archiveVersion = 1;
	classes = {
	};
	objectVersion = 46;
	objects = {

/* Begin PBXBuildFile section */
		8EC1757C1A83DE0900688E3B /* main.m in Sources */ = {isa = PBXBuildFile; fileRef = 8EC1757B1A83DE0900688E3B /* main.m */; };
		8EC1757F1A83DE0900688E3B /* AppDelegate.m in Sources */ = {isa = PBXBuildFile; fileRef = 8EC1757E1A83DE0900688E3B /* AppDelegate.m */; };
		8EC175851A83DE0900688E3B /* Main.storyboard in Resources */ = {isa = PBXBuildFile; fileRef = 8EC175831A83DE0900688E3B /* Main.storyboard */; };
		8EC175871A83DE0900688E3B /* Images.xcassets in Resources */ = {isa = PBXBuildFile; fileRef = 8EC175861A83DE0900688E3B /* Images.xcassets */; };
		8EC1758A1A83DE0900688E3B /* LaunchScreen.xib in Resources */ = {isa = PBXBuildFile; fileRef = 8EC175881A83DE0900688E3B /* LaunchScreen.xib */; };
		8EC175961A83DE0900688E3B /* UITableViewController_ChallengeTests.m in Sources */ = {isa = PBXBuildFile; fileRef = 8EC175951A83DE0900688E3B /* UITableViewController_ChallengeTests.m */; };
		8EC175A11A83E52700688E3B /* TableViewController.m in Sources */ = {isa = PBXBuildFile; fileRef = 8EC175A01A83E52700688E3B /* TableViewController.m */; };
/* End PBXBuildFile section */

/* Begin PBXContainerItemProxy section */
		8EC175901A83DE0900688E3B /* PBXContainerItemProxy */ = {
			isa = PBXContainerItemProxy;
			containerPortal = 8EC1756E1A83DE0900688E3B /* Project object */;
			proxyType = 1;
			remoteGlobalIDString = 8EC175751A83DE0900688E3B;
			remoteInfo = "UITableViewController Challenge";
		};
/* End PBXContainerItemProxy section */

/* Begin PBXFileReference section */
		8EC175761A83DE0900688E3B /* UITableViewController Challenge.app */ = {isa = PBXFileReference; explicitFileType = wrapper.application; includeInIndex = 0; path = "UITableViewController Challenge.app"; sourceTree = BUILT_PRODUCTS_DIR; };
		8EC1757A1A83DE0900688E3B /* Info.plist */ = {isa = PBXFileReference; lastKnownFileType = text.plist.xml; path = Info.plist; sourceTree = "<group>"; };
		8EC1757B1A83DE0900688E3B /* main.m */ = {isa = PBXFileReference; lastKnownFileType = sourcecode.c.objc; path = main.m; sourceTree = "<group>"; };
		8EC1757D1A83DE0900688E3B /* AppDelegate.h */ = {isa = PBXFileReference; lastKnownFileType = sourcecode.c.h; path = AppDelegate.h; sourceTree = "<group>"; };
		8EC1757E1A83DE0900688E3B /* AppDelegate.m */ = {isa = PBXFileReference; lastKnownFileType = sourcecode.c.objc; path = AppDelegate.m; sourceTree = "<group>"; };
		8EC175841A83DE0900688E3B /* Base */ = {isa = PBXFileReference; lastKnownFileType = file.storyboard; name = Base; path = Base.lproj/Main.storyboard; sourceTree = "<group>"; };
		8EC175861A83DE0900688E3B /* Images.xcassets */ = {isa = PBXFileReference; lastKnownFileType = folder.assetcatalog; path = Images.xcassets; sourceTree = "<group>"; };
		8EC175891A83DE0900688E3B /* Base */ = {isa = PBXFileReference; lastKnownFileType = file.xib; name = Base; path = Base.lproj/LaunchScreen.xib; sourceTree = "<group>"; };
		8EC1758F1A83DE0900688E3B /* UITableViewController ChallengeTests.xctest */ = {isa = PBXFileReference; explicitFileType = wrapper.cfbundle; includeInIndex = 0; path = "UITableViewController ChallengeTests.xctest"; sourceTree = BUILT_PRODUCTS_DIR; };
		8EC175941A83DE0900688E3B /* Info.plist */ = {isa = PBXFileReference; lastKnownFileType = text.plist.xml; path = Info.plist; sourceTree = "<group>"; };
		8EC175951A83DE0900688E3B /* UITableViewController_ChallengeTests.m */ = {isa = PBXFileReference; lastKnownFileType = sourcecode.c.objc; path = UITableViewController_ChallengeTests.m; sourceTree = "<group>"; };
		8EC1759F1A83E52700688E3B /* TableViewController.h */ = {isa = PBXFileReference; fileEncoding = 4; lastKnownFileType = sourcecode.c.h; path = TableViewController.h; sourceTree = "<group>"; };
		8EC175A01A83E52700688E3B /* TableViewController.m */ = {isa = PBXFileReference; fileEncoding = 4; lastKnownFileType = sourcecode.c.objc; path = TableViewController.m; sourceTree = "<group>"; };
/* End PBXFileReference section */

/* Begin PBXFrameworksBuildPhase section */
		8EC175731A83DE0900688E3B /* Frameworks */ = {
			isa = PBXFrameworksBuildPhase;
			buildActionMask = 2147483647;
			files = (
			);
			runOnlyForDeploymentPostprocessing = 0;
		};
		8EC1758C1A83DE0900688E3B /* Frameworks */ = {
			isa = PBXFrameworksBuildPhase;
			buildActionMask = 2147483647;
			files = (
			);
			runOnlyForDeploymentPostprocessing = 0;
		};
/* End PBXFrameworksBuildPhase section */

/* Begin PBXGroup section */
		8EC1756D1A83DE0900688E3B = {
			isa = PBXGroup;
			children = (
				8EC175781A83DE0900688E3B /* UITableViewController Challenge */,
				8EC175921A83DE0900688E3B /* UITableViewController ChallengeTests */,
				8EC175771A83DE0900688E3B /* Products */,
			);
			sourceTree = "<group>";
		};
		8EC175771A83DE0900688E3B /* Products */ = {
			isa = PBXGroup;
			children = (
				8EC175761A83DE0900688E3B /* UITableViewController Challenge.app */,
				8EC1758F1A83DE0900688E3B /* UITableViewController ChallengeTests.xctest */,
			);
			name = Products;
			sourceTree = "<group>";
		};
		8EC175781A83DE0900688E3B /* UITableViewController Challenge */ = {
			isa = PBXGroup;
			children = (
				8EC1757D1A83DE0900688E3B /* AppDelegate.h */,
				8EC1757E1A83DE0900688E3B /* AppDelegate.m */,
				8EC1759F1A83E52700688E3B /* TableViewController.h */,
				8EC175A01A83E52700688E3B /* TableViewController.m */,
				8EC175831A83DE0900688E3B /* Main.storyboard */,
				8EC175861A83DE0900688E3B /* Images.xcassets */,
				8EC175881A83DE0900688E3B /* LaunchScreen.xib */,
				8EC175791A83DE0900688E3B /* Supporting Files */,
			);
			path = "UITableViewController Challenge";
			sourceTree = "<group>";
		};
		8EC175791A83DE0900688E3B /* Supporting Files */ = {
			isa = PBXGroup;
			children = (
				8EC1757A1A83DE0900688E3B /* Info.plist */,
				8EC1757B1A83DE0900688E3B /* main.m */,
			);
			name = "Supporting Files";
			sourceTree = "<group>";
		};
		8EC175921A83DE0900688E3B /* UITableViewController ChallengeTests */ = {
			isa = PBXGroup;
			children = (
				8EC175951A83DE0900688E3B /* UITableViewController_ChallengeTests.m */,
				8EC175931A83DE0900688E3B /* Supporting Files */,
			);
			path = "UITableViewController ChallengeTests";
			sourceTree = "<group>";
		};
		8EC175931A83DE0900688E3B /* Supporting Files */ = {
			isa = PBXGroup;
			children = (
				8EC175941A83DE0900688E3B /* Info.plist */,
			);
			name = "Supporting Files";
			sourceTree = "<group>";
		};
/* End PBXGroup section */

/* Begin PBXNativeTarget section */
		8EC175751A83DE0900688E3B /* UITableViewController Challenge */ = {
			isa = PBXNativeTarget;
			buildConfigurationList = 8EC175991A83DE0900688E3B /* Build configuration list for PBXNativeTarget "UITableViewController Challenge" */;
			buildPhases = (
				8EC175721A83DE0900688E3B /* Sources */,
				8EC175731A83DE0900688E3B /* Frameworks */,
				8EC175741A83DE0900688E3B /* Resources */,
			);
			buildRules = (
			);
			dependencies = (
			);
			name = "UITableViewController Challenge";
			productName = "UITableViewController Challenge";
			productReference = 8EC175761A83DE0900688E3B /* UITableViewController Challenge.app */;
			productType = "com.apple.product-type.application";
		};
		8EC1758E1A83DE0900688E3B /* UITableViewController ChallengeTests */ = {
			isa = PBXNativeTarget;
			buildConfigurationList = 8EC1759C1A83DE0900688E3B /* Build configuration list for PBXNativeTarget "UITableViewController ChallengeTests" */;
			buildPhases = (
				8EC1758B1A83DE0900688E3B /* Sources */,
				8EC1758C1A83DE0900688E3B /* Frameworks */,
				8EC1758D1A83DE0900688E3B /* Resources */,
			);
			buildRules = (
			);
			dependencies = (
				8EC175911A83DE0900688E3B /* PBXTargetDependency */,
			);
			name = "UITableViewController ChallengeTests";
			productName = "UITableViewController ChallengeTests";
			productReference = 8EC1758F1A83DE0900688E3B /* UITableViewController ChallengeTests.xctest */;
			productType = "com.apple.product-type.bundle.unit-test";
		};
/* End PBXNativeTarget section */

/* Begin PBXProject section */
		8EC1756E1A83DE0900688E3B /* Project object */ = {
			isa = PBXProject;
			attributes = {
				LastUpgradeCheck = 0610;
				ORGANIZATIONNAME = "Victor Mendonça Lellis";
				TargetAttributes = {
					8EC175751A83DE0900688E3B = {
						CreatedOnToolsVersion = 6.1.1;
					};
					8EC1758E1A83DE0900688E3B = {
						CreatedOnToolsVersion = 6.1.1;
						TestTargetID = 8EC175751A83DE0900688E3B;
					};
				};
			};
			buildConfigurationList = 8EC175711A83DE0900688E3B /* Build configuration list for PBXProject "UITableViewController Challenge" */;
			compatibilityVersion = "Xcode 3.2";
			developmentRegion = English;
			hasScannedForEncodings = 0;
			knownRegions = (
				en,
				Base,
			);
			mainGroup = 8EC1756D1A83DE0900688E3B;
			productRefGroup = 8EC175771A83DE0900688E3B /* Products */;
			projectDirPath = "";
			projectRoot = "";
			targets = (
				8EC175751A83DE0900688E3B /* UITableViewController Challenge */,
				8EC1758E1A83DE0900688E3B /* UITableViewController ChallengeTests */,
			);
		};
/* End PBXProject section */

/* Begin PBXResourcesBuildPhase section */
		8EC175741A83DE0900688E3B /* Resources */ = {
			isa = PBXResourcesBuildPhase;
			buildActionMask = 2147483647;
			files = (
				8EC175851A83DE0900688E3B /* Main.storyboard in Resources */,
				8EC1758A1A83DE0900688E3B /* LaunchScreen.xib in Resources */,
				8EC175871A83DE0900688E3B /* Images.xcassets in Resources */,
			);
			runOnlyForDeploymentPostprocessing = 0;
		};
		8EC1758D1A83DE0900688E3B /* Resources */ = {
			isa = PBXResourcesBuildPhase;
			buildActionMask = 2147483647;
			files = (
			);
			runOnlyForDeploymentPostprocessing = 0;
		};
/* End PBXResourcesBuildPhase section */

/* Begin PBXSourcesBuildPhase section */
		8EC175721A83DE0900688E3B /* Sources */ = {
			isa = PBXSourcesBuildPhase;
			buildActionMask = 2147483647;
			files = (
				8EC1757F1A83DE0900688E3B /* AppDelegate.m in Sources */,
				8EC175A11A83E52700688E3B /* TableViewController.m in Sources */,
				8EC1757C1A83DE0900688E3B /* main.m in Sources */,
			);
			runOnlyForDeploymentPostprocessing = 0;
		};
		8EC1758B1A83DE0900688E3B /* Sources */ = {
			isa = PBXSourcesBuildPhase;
			buildActionMask = 2147483647;
			files = (
				8EC175961A83DE0900688E3B /* UITableViewController_ChallengeTests.m in Sources */,
			);
			runOnlyForDeploymentPostprocessing = 0;
		};
/* End PBXSourcesBuildPhase section */

/* Begin PBXTargetDependency section */
		8EC175911A83DE0900688E3B /* PBXTargetDependency */ = {
			isa = PBXTargetDependency;
			target = 8EC175751A83DE0900688E3B /* UITableViewController Challenge */;
			targetProxy = 8EC175901A83DE0900688E3B /* PBXContainerItemProxy */;
		};
/* End PBXTargetDependency section */

/* Begin PBXVariantGroup section */
		8EC175831A83DE0900688E3B /* Main.storyboard */ = {
			isa = PBXVariantGroup;
			children = (
				8EC175841A83DE0900688E3B /* Base */,
			);
			name = Main.storyboard;
			sourceTree = "<group>";
		};
		8EC175881A83DE0900688E3B /* LaunchScreen.xib */ = {
			isa = PBXVariantGroup;
			children = (
				8EC175891A83DE0900688E3B /* Base */,
			);
			name = LaunchScreen.xib;
			sourceTree = "<group>";
		};
/* End PBXVariantGroup section */

/* Begin XCBuildConfiguration section */
		8EC175971A83DE0900688E3B /* Debug */ = {
			isa = XCBuildConfiguration;
			buildSettings = {
				ALWAYS_SEARCH_USER_PATHS = NO;
				CLANG_CXX_LANGUAGE_STANDARD = "gnu++0x";
				CLANG_CXX_LIBRARY = "libc++";
				CLANG_ENABLE_MODULES = YES;
				CLANG_ENABLE_OBJC_ARC = YES;
				CLANG_WARN_BOOL_CONVERSION = YES;
				CLANG_WARN_CONSTANT_CONVERSION = YES;
				CLANG_WARN_DIRECT_OBJC_ISA_USAGE = YES_ERROR;
				CLANG_WARN_EMPTY_BODY = YES;
				CLANG_WARN_ENUM_CONVERSION = YES;
				CLANG_WARN_INT_CONVERSION = YES;
				CLANG_WARN_OBJC_ROOT_CLASS = YES_ERROR;
				CLANG_WARN_UNREACHABLE_CODE = YES;
				CLANG_WARN__DUPLICATE_METHOD_MATCH = YES;
				"CODE_SIGN_IDENTITY[sdk=iphoneos*]" = "iPhone Developer";
				COPY_PHASE_STRIP = NO;
				ENABLE_STRICT_OBJC_MSGSEND = YES;
				GCC_C_LANGUAGE_STANDARD = gnu99;
				GCC_DYNAMIC_NO_PIC = NO;
				GCC_OPTIMIZATION_LEVEL = 0;
				GCC_PREPROCESSOR_DEFINITIONS = (
					"DEBUG=1",
					"$(inherited)",
				);
				GCC_SYMBOLS_PRIVATE_EXTERN = NO;
				GCC_WARN_64_TO_32_BIT_CONVERSION = YES;
				GCC_WARN_ABOUT_RETURN_TYPE = YES_ERROR;
				GCC_WARN_UNDECLARED_SELECTOR = YES;
				GCC_WARN_UNINITIALIZED_AUTOS = YES_AGGRESSIVE;
				GCC_WARN_UNUSED_FUNCTION = YES;
				GCC_WARN_UNUSED_VARIABLE = YES;
				IPHONEOS_DEPLOYMENT_TARGET = 8.1;
				MTL_ENABLE_DEBUG_INFO = YES;
				ONLY_ACTIVE_ARCH = YES;
				SDKROOT = iphoneos;
				TARGETED_DEVICE_FAMILY = "1,2";
			};
			name = Debug;
		};
		8EC175981A83DE0900688E3B /* Release */ = {
			isa = XCBuildConfiguration;
			buildSettings = {
				ALWAYS_SEARCH_USER_PATHS = NO;
				CLANG_CXX_LANGUAGE_STANDARD = "gnu++0x";
				CLANG_CXX_LIBRARY = "libc++";
				CLANG_ENABLE_MODULES = YES;
				CLANG_ENABLE_OBJC_ARC = YES;
				CLANG_WARN_BOOL_CONVERSION = YES;
				CLANG_WARN_CONSTANT_CONVERSION = YES;
				CLANG_WARN_DIRECT_OBJC_ISA_USAGE = YES_ERROR;
				CLANG_WARN_EMPTY_BODY = YES;
				CLANG_WARN_ENUM_CONVERSION = YES;
				CLANG_WARN_INT_CONVERSION = YES;
				CLANG_WARN_OBJC_ROOT_CLASS = YES_ERROR;
				CLANG_WARN_UNREACHABLE_CODE = YES;
				CLANG_WARN__DUPLICATE_METHOD_MATCH = YES;
				"CODE_SIGN_IDENTITY[sdk=iphoneos*]" = "iPhone Developer";
				COPY_PHASE_STRIP = YES;
				ENABLE_NS_ASSERTIONS = NO;
				ENABLE_STRICT_OBJC_MSGSEND = YES;
				GCC_C_LANGUAGE_STANDARD = gnu99;
				GCC_WARN_64_TO_32_BIT_CONVERSION = YES;
				GCC_WARN_ABOUT_RETURN_TYPE = YES_ERROR;
				GCC_WARN_UNDECLARED_SELECTOR = YES;
				GCC_WARN_UNINITIALIZED_AUTOS = YES_AGGRESSIVE;
				GCC_WARN_UNUSED_FUNCTION = YES;
				GCC_WARN_UNUSED_VARIABLE = YES;
				IPHONEOS_DEPLOYMENT_TARGET = 8.1;
				MTL_ENABLE_DEBUG_INFO = NO;
				SDKROOT = iphoneos;
				TARGETED_DEVICE_FAMILY = "1,2";
				VALIDATE_PRODUCT = YES;
			};
			name = Release;
		};
		8EC1759A1A83DE0900688E3B /* Debug */ = {
			isa = XCBuildConfiguration;
			buildSettings = {
				ASSETCATALOG_COMPILER_APPICON_NAME = AppIcon;
				INFOPLIST_FILE = "UITableViewController Challenge/Info.plist";
				LD_RUNPATH_SEARCH_PATHS = "$(inherited) @executable_path/Frameworks";
				PRODUCT_NAME = "$(TARGET_NAME)";
			};
			name = Debug;
		};
		8EC1759B1A83DE0900688E3B /* Release */ = {
			isa = XCBuildConfiguration;
			buildSettings = {
				ASSETCATALOG_COMPILER_APPICON_NAME = AppIcon;
				INFOPLIST_FILE = "UITableViewController Challenge/Info.plist";
				LD_RUNPATH_SEARCH_PATHS = "$(inherited) @executable_path/Frameworks";
				PRODUCT_NAME = "$(TARGET_NAME)";
			};
			name = Release;
		};
		8EC1759D1A83DE0900688E3B /* Debug */ = {
			isa = XCBuildConfiguration;
			buildSettings = {
				BUNDLE_LOADER = "$(TEST_HOST)";
				FRAMEWORK_SEARCH_PATHS = (
					"$(SDKROOT)/Developer/Library/Frameworks",
					"$(inherited)",
				);
				GCC_PREPROCESSOR_DEFINITIONS = (
					"DEBUG=1",
					"$(inherited)",
				);
				INFOPLIST_FILE = "UITableViewController ChallengeTests/Info.plist";
				LD_RUNPATH_SEARCH_PATHS = "$(inherited) @executable_path/Frameworks @loader_path/Frameworks";
				PRODUCT_NAME = "$(TARGET_NAME)";
				TEST_HOST = "$(BUILT_PRODUCTS_DIR)/UITableViewController Challenge.app/UITableViewController Challenge";
			};
			name = Debug;
		};
		8EC1759E1A83DE0900688E3B /* Release */ = {
			isa = XCBuildConfiguration;
			buildSettings = {
				BUNDLE_LOADER = "$(TEST_HOST)";
				FRAMEWORK_SEARCH_PATHS = (
					"$(SDKROOT)/Developer/Library/Frameworks",
					"$(inherited)",
				);
				INFOPLIST_FILE = "UITableViewController ChallengeTests/Info.plist";
				LD_RUNPATH_SEARCH_PATHS = "$(inherited) @executable_path/Frameworks @loader_path/Frameworks";
				PRODUCT_NAME = "$(TARGET_NAME)";
				TEST_HOST = "$(BUILT_PRODUCTS_DIR)/UITableViewController Challenge.app/UITableViewController Challenge";
			};
			name = Release;
		};
/* End XCBuildConfiguration section */

/* Begin XCConfigurationList section */
		8EC175711A83DE0900688E3B /* Build configuration list for PBXProject "UITableViewController Challenge" */ = {
			isa = XCConfigurationList;
			buildConfigurations = (
				8EC175971A83DE0900688E3B /* Debug */,
				8EC175981A83DE0900688E3B /* Release */,
			);
			defaultConfigurationIsVisible = 0;
			defaultConfigurationName = Release;
		};
		8EC175991A83DE0900688E3B /* Build configuration list for PBXNativeTarget "UITableViewController Challenge" */ = {
			isa = XCConfigurationList;
			buildConfigurations = (
				8EC1759A1A83DE0900688E3B /* Debug */,
				8EC1759B1A83DE0900688E3B /* Release */,
			);
			defaultConfigurationIsVisible = 0;
		};
		8EC1759C1A83DE0900688E3B /* Build configuration list for PBXNativeTarget "UITableViewController ChallengeTests" */ = {
			isa = XCConfigurationList;
			buildConfigurations = (
				8EC1759D1A83DE0900688E3B /* Debug */,
				8EC1759E1A83DE0900688E3B /* Release */,
			);
			defaultConfigurationIsVisible = 0;
		};
/* End XCConfigurationList section */
	};
	rootObject = 8EC1756E1A83DE0900688E3B /* Project object */;
}
